
Microsoft Visual Studio Solution File, Format Version 12.00
# Visual Studio Version 16
VisualStudioVersion = 16.0.30011.22
MinimumVisualStudioVersion = 10.0.40219.1
Project("{FAE04EC0-301F-11D3-BF4B-00C04F79EFBC}") = "Dominio", "Dominio\Dominio.csproj", "{AFE4488A-3764-4860-806E-6443B8986F1E}"
EndProject
Project("{FAE04EC0-301F-11D3-BF4B-00C04F79EFBC}") = "Negocio", "Negocio\Negocio.csproj", "{5D0BE3CC-6DF2-445D-8986-1F681AC692FB}"
EndProject
Project("{FAE04EC0-301F-11D3-BF4B-00C04F79EFBC}") = "TPC_Fernandez-Herrera", "TPC_Fernandez-Herrera\TPC_Fernandez-Herrera.csproj", "{40F85F1D-7BCE-436B-9905-40C016E24126}"
EndProject
Project("{2150E333-8FDC-42A3-9474-1A3956D46DE8}") = "DB", "DB", "{62ECEBDB-72B4-4108-9CDC-17721A39A8AD}"
	ProjectSection(SolutionItems) = preProject
		TPC_Fernandez-Herrera\Fernadez-Herrera_DB\Fernandez_Herrera_DB.sql = TPC_Fernandez-Herrera\Fernadez-Herrera_DB\Fernandez_Herrera_DB.sql
	EndProjectSection
EndProject
Project("{2150E333-8FDC-42A3-9474-1A3956D46DE8}") = "imagenes", "imagenes", "{0649016F-18E5-448F-8DCD-E0B9FEE37B8D}"
	ProjectSection(SolutionItems) = preProject
		..\..\..\..\..\..\Downloads\FORMULARIO DE REGISTRO DE YOUTUBE\Crear-un-Formulario-de-Registro-con-HTML-y-CSS-\fondoregistro.jpg = ..\..\..\..\..\..\Downloads\FORMULARIO DE REGISTRO DE YOUTUBE\Crear-un-Formulario-de-Registro-con-HTML-y-CSS-\fondoregistro.jpg
	EndProjectSection
EndProject
Global
	GlobalSection(SolutionConfigurationPlatforms) = preSolution
		Debug|Any CPU = Debug|Any CPU
		Release|Any CPU = Release|Any CPU
	EndGlobalSection
	GlobalSection(ProjectConfigurationPlatforms) = postSolution
		{AFE4488A-3764-4860-806E-6443B8986F1E}.Debug|Any CPU.ActiveCfg = Debug|Any CPU
		{AFE4488A-3764-4860-806E-6443B8986F1E}.Debug|Any CPU.Build.0 = Debug|Any CPU
		{AFE4488A-3764-4860-806E-6443B8986F1E}.Release|Any CPU.ActiveCfg = Release|Any CPU
		{AFE4488A-3764-4860-806E-6443B8986F1E}.Release|Any CPU.Build.0 = Release|Any CPU
		{5D0BE3CC-6DF2-445D-8986-1F681AC692FB}.Debug|Any CPU.ActiveCfg = Debug|Any CPU
		{5D0BE3CC-6DF2-445D-8986-1F681AC692FB}.Debug|Any CPU.Build.0 = Debug|Any CPU
		{5D0BE3CC-6DF2-445D-8986-1F681AC692FB}.Release|Any CPU.ActiveCfg = Release|Any CPU
		{5D0BE3CC-6DF2-445D-8986-1F681AC692FB}.Release|Any CPU.Build.0 = Release|Any CPU
		{40F85F1D-7BCE-436B-9905-40C016E24126}.Debug|Any CPU.ActiveCfg = Debug|Any CPU
		{40F85F1D-7BCE-436B-9905-40C016E24126}.Debug|Any CPU.Build.0 = Debug|Any CPU
		{40F85F1D-7BCE-436B-9905-40C016E24126}.Release|Any CPU.ActiveCfg = Release|Any CPU
		{40F85F1D-7BCE-436B-9905-40C016E24126}.Release|Any CPU.Build.0 = Release|Any CPU
	EndGlobalSection
	GlobalSection(SolutionProperties) = preSolution
		HideSolutionNode = FALSE
	EndGlobalSection
	GlobalSection(ExtensibilityGlobals) = postSolution
		SolutionGuid = {7C151F3A-D981-471F-A105-95B9C160470B}
	EndGlobalSection
EndGlobal
